
Microsoft Visual Studio Solution File, Format Version 12.00
# Visual Studio Version 17
VisualStudioVersion = 17.13.35507.96 d17.13
MinimumVisualStudioVersion = 10.0.40219.1
Project("{FAE04EC0-301F-11D3-BF4B-00C04F79EFBC}") = "APIBookingServiceProject", "APIBookingServiceProject\APIBookingServiceProject.csproj", "{5F4E74C6-7A73-4158-B91D-E9DC86C2355E}"
EndProject
Global
	GlobalSection(SolutionConfigurationPlatforms) = preSolution
		Debug|Any CPU = Debug|Any CPU
		Release|Any CPU = Release|Any CPU
	EndGlobalSection
	GlobalSection(ProjectConfigurationPlatforms) = postSolution
		{5F4E74C6-7A73-4158-B91D-E9DC86C2355E}.Debug|Any CPU.ActiveCfg = Debug|Any CPU
		{5F4E74C6-7A73-4158-B91D-E9DC86C2355E}.Debug|Any CPU.Build.0 = Debug|Any CPU
		{5F4E74C6-7A73-4158-B91D-E9DC86C2355E}.Release|Any CPU.ActiveCfg = Release|Any CPU
		{5F4E74C6-7A73-4158-B91D-E9DC86C2355E}.Release|Any CPU.Build.0 = Release|Any CPU
	EndGlobalSection
	GlobalSection(SolutionProperties) = preSolution
		HideSolutionNode = FALSE
	EndGlobalSection
	GlobalSection(ExtensibilityGlobals) = postSolution
		SolutionGuid = {F4A57F5E-7378-4246-99C3-4987E52750D7}
	EndGlobalSection
EndGlobal
